// !$*UTF8*$!
{
	archiveVersion = 1;
	classes = {
	};
	objectVersion = 51;
	objects = {

/* Begin PBXBuildFile section */
		03B53FD707D0ED3AAF84B065 /* NavigationVC+Title.swift in Sources */ = {isa = PBXBuildFile; fileRef = 5E37EC3DB637762959591F04 /* NavigationVC+Title.swift */; };
		0BBBE150923F11F2B23D95E3 /* RandomViewController.swift in Sources */ = {isa = PBXBuildFile; fileRef = 55E82ABA7E7E8C4EBB977F0B /* RandomViewController.swift */; };
		15918ECD3AB21E93FC4FDF4A /* RxReachBottom.swift in Sources */ = {isa = PBXBuildFile; fileRef = 3CE25674F48CAB1155B3A407 /* RxReachBottom.swift */; };
		1E5AFBC72285E665D1ADF793 /* ListSection.swift in Sources */ = {isa = PBXBuildFile; fileRef = B1B29DF12C5015C3E36AB373 /* ListSection.swift */; };
		1F43E41DC5C0B226BFC65ACE /* Stub.bundle in Resources */ = {isa = PBXBuildFile; fileRef = A98C706BC39A66C4B6520D7A /* Stub.bundle */; };
		2387897E938F97B41798D19D /* ActivityIndicator.swift in Sources */ = {isa = PBXBuildFile; fileRef = 0243F3027D111D40FBFF28CF /* ActivityIndicator.swift */; };
		291A97C995D34C2FA8A7F482 /* TabBarController.swift in Sources */ = {isa = PBXBuildFile; fileRef = C8F53E680F1B645CD05E9796 /* TabBarController.swift */; };
		42B4A89416C5FF571A6C1EF3 /* BeerView.swift in Sources */ = {isa = PBXBuildFile; fileRef = 725497E2961E76AC596438DB /* BeerView.swift */; };
		4AB8A36E725931D713182E6C /* Assets.xcassets in Resources */ = {isa = PBXBuildFile; fileRef = 253AF0622240D8CAB6629486 /* Assets.xcassets */; };
		624FB0422804F4781B3E002E /* BeerTableViewCell.swift in Sources */ = {isa = PBXBuildFile; fileRef = CD33547C214929D0E663FCF7 /* BeerTableViewCell.swift */; };
		7376E8AAAAAE90EA130455FB /* SearchViewModel.swift in Sources */ = {isa = PBXBuildFile; fileRef = 0ABF6E143BC43BE719049D03 /* SearchViewModel.swift */; };
		73F0D617DC14EE8345B69EF6 /* Pods_JGE_Beer.framework in Frameworks */ = {isa = PBXBuildFile; fileRef = 52A83F6849EE4B96944E096F /* Pods_JGE_Beer.framework */; };
		829AEE790BC301BC62AD6734 /* CheckInternet.swift in Sources */ = {isa = PBXBuildFile; fileRef = 0E5DCC2A3A1BFFFAFF08D547 /* CheckInternet.swift */; };
		8958333F1B25C1D59BF56E9D /* UIKit+Alert.swift in Sources */ = {isa = PBXBuildFile; fileRef = C299783C4DEB22AFB54C0F0F /* UIKit+Alert.swift */; };
		8F07BC229F989E35A976A90A /* Beer.swift in Sources */ = {isa = PBXBuildFile; fileRef = 6AF016F13986081895556FE2 /* Beer.swift */; };
		93206A89DE00C35999821192 /* SearchViewController.swift in Sources */ = {isa = PBXBuildFile; fileRef = 08A2C7C6AF76683E8C955DFF /* SearchViewController.swift */; };
		9691BF170BC6A3335A94F6D6 /* BeerAPI.swift in Sources */ = {isa = PBXBuildFile; fileRef = A5E6EDBA05765CBAE027BB20 /* BeerAPI.swift */; };
		C32B101D2577EB2083A31162 /* ListViewController.swift in Sources */ = {isa = PBXBuildFile; fileRef = D5697D851A010935F62D7D99 /* ListViewController.swift */; };
		C5A20656465B265ABC684788 /* RandomViewModel.swift in Sources */ = {isa = PBXBuildFile; fileRef = BA6E6C6C4F873AFFD7B01F7D /* RandomViewModel.swift */; };
		D32EE9BB84EEC6BC156D7CBF /* ListViewModel.swift in Sources */ = {isa = PBXBuildFile; fileRef = 5C8C3337A4EC42A00552E739 /* ListViewModel.swift */; };
		D95DBE7C886B1DE615DEEE7A /* AppDelegate.swift in Sources */ = {isa = PBXBuildFile; fileRef = FBBF280451AA53191D268655 /* AppDelegate.swift */; };
		F436830CED5872375A577E56 /* LaunchScreen.storyboard in Resources */ = {isa = PBXBuildFile; fileRef = 1F85DCE8AC870E086E2D0773 /* LaunchScreen.storyboard */; };
		F8B2CBFAF87D8B16CEB1DBA8 /* ViewModelType.swift in Sources */ = {isa = PBXBuildFile; fileRef = 0E2B14C0BAF3DD0DFEFE9081 /* ViewModelType.swift */; };
/* End PBXBuildFile section */

/* Begin PBXFileReference section */
		0243F3027D111D40FBFF28CF /* ActivityIndicator.swift */ = {isa = PBXFileReference; lastKnownFileType = sourcecode.swift; path = ActivityIndicator.swift; sourceTree = "<group>"; };
		08A2C7C6AF76683E8C955DFF /* SearchViewController.swift */ = {isa = PBXFileReference; lastKnownFileType = sourcecode.swift; path = SearchViewController.swift; sourceTree = "<group>"; };
		0ABF6E143BC43BE719049D03 /* SearchViewModel.swift */ = {isa = PBXFileReference; lastKnownFileType = sourcecode.swift; path = SearchViewModel.swift; sourceTree = "<group>"; };
		0E2B14C0BAF3DD0DFEFE9081 /* ViewModelType.swift */ = {isa = PBXFileReference; lastKnownFileType = sourcecode.swift; path = ViewModelType.swift; sourceTree = "<group>"; };
		0E5DCC2A3A1BFFFAFF08D547 /* CheckInternet.swift */ = {isa = PBXFileReference; lastKnownFileType = sourcecode.swift; path = CheckInternet.swift; sourceTree = "<group>"; };
		189E89F66CA5F8A7D3FAEC60 /* Base */ = {isa = PBXFileReference; lastKnownFileType = file.storyboard; name = Base; path = Base.lproj/LaunchScreen.storyboard; sourceTree = "<group>"; };
		253AF0622240D8CAB6629486 /* Assets.xcassets */ = {isa = PBXFileReference; lastKnownFileType = folder.assetcatalog; path = Assets.xcassets; sourceTree = "<group>"; };
		3CE25674F48CAB1155B3A407 /* RxReachBottom.swift */ = {isa = PBXFileReference; lastKnownFileType = sourcecode.swift; path = RxReachBottom.swift; sourceTree = "<group>"; };
		52A83F6849EE4B96944E096F /* Pods_JGE_Beer.framework */ = {isa = PBXFileReference; explicitFileType = wrapper.framework; includeInIndex = 0; path = Pods_JGE_Beer.framework; sourceTree = BUILT_PRODUCTS_DIR; };
		55E82ABA7E7E8C4EBB977F0B /* RandomViewController.swift */ = {isa = PBXFileReference; lastKnownFileType = sourcecode.swift; path = RandomViewController.swift; sourceTree = "<group>"; };
		5C8C3337A4EC42A00552E739 /* ListViewModel.swift */ = {isa = PBXFileReference; lastKnownFileType = sourcecode.swift; path = ListViewModel.swift; sourceTree = "<group>"; };
		5E37EC3DB637762959591F04 /* NavigationVC+Title.swift */ = {isa = PBXFileReference; lastKnownFileType = sourcecode.swift; path = "NavigationVC+Title.swift"; sourceTree = "<group>"; };
		61440A9A6E1D3E517F49932E /* Info.plist */ = {isa = PBXFileReference; lastKnownFileType = text.plist; path = Info.plist; sourceTree = "<group>"; };
		6AF016F13986081895556FE2 /* Beer.swift */ = {isa = PBXFileReference; lastKnownFileType = sourcecode.swift; path = Beer.swift; sourceTree = "<group>"; };
		725497E2961E76AC596438DB /* BeerView.swift */ = {isa = PBXFileReference; lastKnownFileType = sourcecode.swift; path = BeerView.swift; sourceTree = "<group>"; };
		741DE11E283E4BF7501C1A70 /* Pods-JGE-Beer.release.xcconfig */ = {isa = PBXFileReference; includeInIndex = 1; lastKnownFileType = text.xcconfig; name = "Pods-JGE-Beer.release.xcconfig"; path = "Target Support Files/Pods-JGE-Beer/Pods-JGE-Beer.release.xcconfig"; sourceTree = "<group>"; };
		A5E6EDBA05765CBAE027BB20 /* BeerAPI.swift */ = {isa = PBXFileReference; lastKnownFileType = sourcecode.swift; path = BeerAPI.swift; sourceTree = "<group>"; };
		A98C706BC39A66C4B6520D7A /* Stub.bundle */ = {isa = PBXFileReference; lastKnownFileType = "wrapper.plug-in"; path = Stub.bundle; sourceTree = "<group>"; };
		B1B29DF12C5015C3E36AB373 /* ListSection.swift */ = {isa = PBXFileReference; lastKnownFileType = sourcecode.swift; path = ListSection.swift; sourceTree = "<group>"; };
		BA6E6C6C4F873AFFD7B01F7D /* RandomViewModel.swift */ = {isa = PBXFileReference; lastKnownFileType = sourcecode.swift; path = RandomViewModel.swift; sourceTree = "<group>"; };
		C299783C4DEB22AFB54C0F0F /* UIKit+Alert.swift */ = {isa = PBXFileReference; lastKnownFileType = sourcecode.swift; path = "UIKit+Alert.swift"; sourceTree = "<group>"; };
		C8F53E680F1B645CD05E9796 /* TabBarController.swift */ = {isa = PBXFileReference; lastKnownFileType = sourcecode.swift; path = TabBarController.swift; sourceTree = "<group>"; };
		CD33547C214929D0E663FCF7 /* BeerTableViewCell.swift */ = {isa = PBXFileReference; lastKnownFileType = sourcecode.swift; path = BeerTableViewCell.swift; sourceTree = "<group>"; };
		D5697D851A010935F62D7D99 /* ListViewController.swift */ = {isa = PBXFileReference; lastKnownFileType = sourcecode.swift; path = ListViewController.swift; sourceTree = "<group>"; };
		E14541081A74B55D2E97F78C /* JGE-Beer.app */ = {isa = PBXFileReference; includeInIndex = 0; lastKnownFileType = wrapper.application; path = "JGE-Beer.app"; sourceTree = BUILT_PRODUCTS_DIR; };
		FBBF280451AA53191D268655 /* AppDelegate.swift */ = {isa = PBXFileReference; lastKnownFileType = sourcecode.swift; path = AppDelegate.swift; sourceTree = "<group>"; };
		FE02BA169918FD7E76BC18F2 /* Pods-JGE-Beer.debug.xcconfig */ = {isa = PBXFileReference; includeInIndex = 1; lastKnownFileType = text.xcconfig; name = "Pods-JGE-Beer.debug.xcconfig"; path = "Target Support Files/Pods-JGE-Beer/Pods-JGE-Beer.debug.xcconfig"; sourceTree = "<group>"; };
/* End PBXFileReference section */

/* Begin PBXFrameworksBuildPhase section */
		77AD3691B562572F36BF206E /* Frameworks */ = {
			isa = PBXFrameworksBuildPhase;
			buildActionMask = 2147483647;
			files = (
				73F0D617DC14EE8345B69EF6 /* Pods_JGE_Beer.framework in Frameworks */,
			);
			runOnlyForDeploymentPostprocessing = 0;
		};
/* End PBXFrameworksBuildPhase section */

/* Begin PBXGroup section */
		1AB015FDD07ED3923784453E /* Pods */ = {
			isa = PBXGroup;
			children = (
				FE02BA169918FD7E76BC18F2 /* Pods-JGE-Beer.debug.xcconfig */,
				741DE11E283E4BF7501C1A70 /* Pods-JGE-Beer.release.xcconfig */,
			);
			name = Pods;
			path = Pods;
			sourceTree = "<group>";
		};
		253F3D5D9F038D20055F1E84 /* Products */ = {
			isa = PBXGroup;
			children = (
				E14541081A74B55D2E97F78C /* JGE-Beer.app */,
			);
			name = Products;
			sourceTree = "<group>";
		};
		2BD2113357CBE8E0433C5106 /* JGE-Beer */ = {
			isa = PBXGroup;
			children = (
				FBBF280451AA53191D268655 /* AppDelegate.swift */,
				253AF0622240D8CAB6629486 /* Assets.xcassets */,
				61440A9A6E1D3E517F49932E /* Info.plist */,
				1F85DCE8AC870E086E2D0773 /* LaunchScreen.storyboard */,
				A98C706BC39A66C4B6520D7A /* Stub.bundle */,
				CD23482D7D5F4E92C10331D9 /* Extension */,
				FCEC19BE24FAE1615FF697FD /* Model */,
				4C43ED0A2B3D822C86462F5A /* Network */,
				8B041B41BCE9B5510F059DC4 /* Protocol */,
				5DDCD228EA1C47FD4CCD8902 /* ViewControllers */,
				FE9FC6AE7BB194928EBB788D /* ViewModels */,
				E9C4E1C8A4D1B1DF7D681E48 /* Views */,
			);
			path = "JGE-Beer";
			sourceTree = "<group>";
		};
		4C43ED0A2B3D822C86462F5A /* Network */ = {
			isa = PBXGroup;
			children = (
				A5E6EDBA05765CBAE027BB20 /* BeerAPI.swift */,
			);
			path = Network;
			sourceTree = "<group>";
		};
		5DDCD228EA1C47FD4CCD8902 /* ViewControllers */ = {
			isa = PBXGroup;
			children = (
				D5697D851A010935F62D7D99 /* ListViewController.swift */,
				55E82ABA7E7E8C4EBB977F0B /* RandomViewController.swift */,
				08A2C7C6AF76683E8C955DFF /* SearchViewController.swift */,
				C8F53E680F1B645CD05E9796 /* TabBarController.swift */,
			);
			path = ViewControllers;
			sourceTree = "<group>";
		};
		8836EE58A85FD8B0BB44E793 = {
			isa = PBXGroup;
			children = (
				2BD2113357CBE8E0433C5106 /* JGE-Beer */,
				253F3D5D9F038D20055F1E84 /* Products */,
				1AB015FDD07ED3923784453E /* Pods */,
				A9E495A079E97E815F716E41 /* Frameworks */,
			);
			sourceTree = "<group>";
		};
		8B041B41BCE9B5510F059DC4 /* Protocol */ = {
			isa = PBXGroup;
			children = (
				0243F3027D111D40FBFF28CF /* ActivityIndicator.swift */,
				0E2B14C0BAF3DD0DFEFE9081 /* ViewModelType.swift */,
			);
			path = Protocol;
			sourceTree = "<group>";
		};
		A9E495A079E97E815F716E41 /* Frameworks */ = {
			isa = PBXGroup;
			children = (
				52A83F6849EE4B96944E096F /* Pods_JGE_Beer.framework */,
			);
			name = Frameworks;
			sourceTree = "<group>";
		};
		CD23482D7D5F4E92C10331D9 /* Extension */ = {
			isa = PBXGroup;
			children = (
				0E5DCC2A3A1BFFFAFF08D547 /* CheckInternet.swift */,
				5E37EC3DB637762959591F04 /* NavigationVC+Title.swift */,
				3CE25674F48CAB1155B3A407 /* RxReachBottom.swift */,
				C299783C4DEB22AFB54C0F0F /* UIKit+Alert.swift */,
			);
			path = Extension;
			sourceTree = "<group>";
		};
		E9C4E1C8A4D1B1DF7D681E48 /* Views */ = {
			isa = PBXGroup;
			children = (
				CD33547C214929D0E663FCF7 /* BeerTableViewCell.swift */,
				725497E2961E76AC596438DB /* BeerView.swift */,
			);
			path = Views;
			sourceTree = "<group>";
		};
		FCEC19BE24FAE1615FF697FD /* Model */ = {
			isa = PBXGroup;
			children = (
				6AF016F13986081895556FE2 /* Beer.swift */,
				B1B29DF12C5015C3E36AB373 /* ListSection.swift */,
			);
			path = Model;
			sourceTree = "<group>";
		};
		FE9FC6AE7BB194928EBB788D /* ViewModels */ = {
			isa = PBXGroup;
			children = (
				5C8C3337A4EC42A00552E739 /* ListViewModel.swift */,
				BA6E6C6C4F873AFFD7B01F7D /* RandomViewModel.swift */,
				0ABF6E143BC43BE719049D03 /* SearchViewModel.swift */,
			);
			path = ViewModels;
			sourceTree = "<group>";
		};
/* End PBXGroup section */

/* Begin PBXNativeTarget section */
		01D72CAE44B01FE5857D10AB /* JGE-Beer */ = {
			isa = PBXNativeTarget;
			buildConfigurationList = 91B14C19C84444E33A09150C /* Build configuration list for PBXNativeTarget "JGE-Beer" */;
			buildPhases = (
				D25731CA13C9705480CE3AA2 /* [CP] Check Pods Manifest.lock */,
				65C627BF17B47E15910122FB /* Sources */,
				DB7CEDC5EC826456DE48F99A /* Resources */,
				77AD3691B562572F36BF206E /* Frameworks */,
				B3930F7BE853B9D8EDEAA8F7 /* [CP] Embed Pods Frameworks */,
			);
			buildRules = (
			);
			dependencies = (
			);
			name = "JGE-Beer";
			productName = "JGE-Beer";
			productReference = E14541081A74B55D2E97F78C /* JGE-Beer.app */;
			productType = "com.apple.product-type.application";
		};
/* End PBXNativeTarget section */

/* Begin PBXProject section */
		C8762E29F7FA62F40B941B57 /* Project object */ = {
			isa = PBXProject;
			attributes = {
				LastUpgradeCheck = 1200;
				TargetAttributes = {
					01D72CAE44B01FE5857D10AB = {
						DevelopmentTeam = C2JSJLJ4FN;
					};
				};
			};
			buildConfigurationList = 57F2E710A865713A86F81722 /* Build configuration list for PBXProject "JGE-Beer" */;
			compatibilityVersion = "Xcode 10.0";
			developmentRegion = en;
			hasScannedForEncodings = 0;
			knownRegions = (
				Base,
				en,
			);
			mainGroup = 8836EE58A85FD8B0BB44E793;
			productRefGroup = 253F3D5D9F038D20055F1E84 /* Products */;
			projectDirPath = "";
			projectRoot = "";
			targets = (
				01D72CAE44B01FE5857D10AB /* JGE-Beer */,
			);
		};
/* End PBXProject section */

/* Begin PBXResourcesBuildPhase section */
		DB7CEDC5EC826456DE48F99A /* Resources */ = {
			isa = PBXResourcesBuildPhase;
			buildActionMask = 2147483647;
			files = (
				4AB8A36E725931D713182E6C /* Assets.xcassets in Resources */,
				F436830CED5872375A577E56 /* LaunchScreen.storyboard in Resources */,
				1F43E41DC5C0B226BFC65ACE /* Stub.bundle in Resources */,
			);
			runOnlyForDeploymentPostprocessing = 0;
		};
/* End PBXResourcesBuildPhase section */

/* Begin PBXShellScriptBuildPhase section */
		B3930F7BE853B9D8EDEAA8F7 /* [CP] Embed Pods Frameworks */ = {
			isa = PBXShellScriptBuildPhase;
			buildActionMask = 2147483647;
			files = (
			);
			inputFileListPaths = (
				"${PODS_ROOT}/Target Support Files/Pods-JGE-Beer/Pods-JGE-Beer-frameworks-${CONFIGURATION}-input-files.xcfilelist",
			);
			name = "[CP] Embed Pods Frameworks";
			outputFileListPaths = (
				"${PODS_ROOT}/Target Support Files/Pods-JGE-Beer/Pods-JGE-Beer-frameworks-${CONFIGURATION}-output-files.xcfilelist",
			);
			runOnlyForDeploymentPostprocessing = 0;
			shellPath = /bin/sh;
			shellScript = "\"${PODS_ROOT}/Target Support Files/Pods-JGE-Beer/Pods-JGE-Beer-frameworks.sh\"\n";
			showEnvVarsInLog = 0;
		};
		D25731CA13C9705480CE3AA2 /* [CP] Check Pods Manifest.lock */ = {
			isa = PBXShellScriptBuildPhase;
			buildActionMask = 2147483647;
			files = (
			);
			inputFileListPaths = (
			);
			inputPaths = (
				"${PODS_PODFILE_DIR_PATH}/Podfile.lock",
				"${PODS_ROOT}/Manifest.lock",
			);
			name = "[CP] Check Pods Manifest.lock";
			outputFileListPaths = (
			);
			outputPaths = (
				"$(DERIVED_FILE_DIR)/Pods-JGE-Beer-checkManifestLockResult.txt",
			);
			runOnlyForDeploymentPostprocessing = 0;
			shellPath = /bin/sh;
			shellScript = "diff \"${PODS_PODFILE_DIR_PATH}/Podfile.lock\" \"${PODS_ROOT}/Manifest.lock\" > /dev/null\nif [ $? != 0 ] ; then\n    # print error to STDERR\n    echo \"error: The sandbox is not in sync with the Podfile.lock. Run 'pod install' or update your CocoaPods installation.\" >&2\n    exit 1\nfi\n# This output is used by Xcode 'outputs' to avoid re-running this script phase.\necho \"SUCCESS\" > \"${SCRIPT_OUTPUT_FILE_0}\"\n";
			showEnvVarsInLog = 0;
		};
/* End PBXShellScriptBuildPhase section */

/* Begin PBXSourcesBuildPhase section */
		65C627BF17B47E15910122FB /* Sources */ = {
			isa = PBXSourcesBuildPhase;
			buildActionMask = 2147483647;
			files = (
				2387897E938F97B41798D19D /* ActivityIndicator.swift in Sources */,
				D95DBE7C886B1DE615DEEE7A /* AppDelegate.swift in Sources */,
				8F07BC229F989E35A976A90A /* Beer.swift in Sources */,
				9691BF170BC6A3335A94F6D6 /* BeerAPI.swift in Sources */,
				624FB0422804F4781B3E002E /* BeerTableViewCell.swift in Sources */,
				42B4A89416C5FF571A6C1EF3 /* BeerView.swift in Sources */,
				829AEE790BC301BC62AD6734 /* CheckInternet.swift in Sources */,
				1E5AFBC72285E665D1ADF793 /* ListSection.swift in Sources */,
				C32B101D2577EB2083A31162 /* ListViewController.swift in Sources */,
				D32EE9BB84EEC6BC156D7CBF /* ListViewModel.swift in Sources */,
				03B53FD707D0ED3AAF84B065 /* NavigationVC+Title.swift in Sources */,
				0BBBE150923F11F2B23D95E3 /* RandomViewController.swift in Sources */,
				C5A20656465B265ABC684788 /* RandomViewModel.swift in Sources */,
				15918ECD3AB21E93FC4FDF4A /* RxReachBottom.swift in Sources */,
				93206A89DE00C35999821192 /* SearchViewController.swift in Sources */,
				7376E8AAAAAE90EA130455FB /* SearchViewModel.swift in Sources */,
				291A97C995D34C2FA8A7F482 /* TabBarController.swift in Sources */,
				8958333F1B25C1D59BF56E9D /* UIKit+Alert.swift in Sources */,
				F8B2CBFAF87D8B16CEB1DBA8 /* ViewModelType.swift in Sources */,
			);
			runOnlyForDeploymentPostprocessing = 0;
		};
/* End PBXSourcesBuildPhase section */

/* Begin PBXVariantGroup section */
		1F85DCE8AC870E086E2D0773 /* LaunchScreen.storyboard */ = {
			isa = PBXVariantGroup;
			children = (
				189E89F66CA5F8A7D3FAEC60 /* Base */,
			);
			name = LaunchScreen.storyboard;
			sourceTree = "<group>";
		};
/* End PBXVariantGroup section */

/* Begin XCBuildConfiguration section */
		6CBD4818BC8550BA1C463D08 /* Debug */ = {
			isa = XCBuildConfiguration;
			baseConfigurationReference = FE02BA169918FD7E76BC18F2 /* Pods-JGE-Beer.debug.xcconfig */;
			buildSettings = {
				ASSETCATALOG_COMPILER_APPICON_NAME = AppIcon;
				CODE_SIGN_IDENTITY = "iPhone Developer";
				DEVELOPMENT_TEAM = C2JSJLJ4FN;
				INFOPLIST_FILE = "JGE-Beer/Info.plist";
				IPHONEOS_DEPLOYMENT_TARGET = 11.0;
				LD_RUNPATH_SEARCH_PATHS = (
					"$(inherited)",
					"@executable_path/Frameworks",
				);
				PRODUCT_BUNDLE_IDENTIFIER = "com.jeonggo.JGE-Beer";
				SDKROOT = iphoneos;
				TARGETED_DEVICE_FAMILY = "1,2";
			};
			name = Debug;
		};
		744FCABCAEE8EFEC9445EFC4 /* Release */ = {
			isa = XCBuildConfiguration;
			buildSettings = {
				ALWAYS_SEARCH_USER_PATHS = NO;
				CLANG_ANALYZER_NONNULL = YES;
				CLANG_ANALYZER_NUMBER_OBJECT_CONVERSION = YES_AGGRESSIVE;
				CLANG_CXX_LANGUAGE_STANDARD = "gnu++14";
				CLANG_CXX_LIBRARY = "libc++";
				CLANG_ENABLE_MODULES = YES;
				CLANG_ENABLE_OBJC_ARC = YES;
				CLANG_ENABLE_OBJC_WEAK = YES;
				CLANG_WARN_BLOCK_CAPTURE_AUTORELEASING = YES;
				CLANG_WARN_BOOL_CONVERSION = YES;
				CLANG_WARN_COMMA = YES;
				CLANG_WARN_CONSTANT_CONVERSION = YES;
				CLANG_WARN_DEPRECATED_OBJC_IMPLEMENTATIONS = YES;
				CLANG_WARN_DIRECT_OBJC_ISA_USAGE = YES_ERROR;
				CLANG_WARN_DOCUMENTATION_COMMENTS = YES;
				CLANG_WARN_EMPTY_BODY = YES;
				CLANG_WARN_ENUM_CONVERSION = YES;
				CLANG_WARN_INFINITE_RECURSION = YES;
				CLANG_WARN_INT_CONVERSION = YES;
				CLANG_WARN_NON_LITERAL_NULL_CONVERSION = YES;
				CLANG_WARN_OBJC_IMPLICIT_RETAIN_SELF = YES;
				CLANG_WARN_OBJC_LITERAL_CONVERSION = YES;
				CLANG_WARN_OBJC_ROOT_CLASS = YES_ERROR;
				CLANG_WARN_QUOTED_INCLUDE_IN_FRAMEWORK_HEADER = YES;
				CLANG_WARN_RANGE_LOOP_ANALYSIS = YES;
				CLANG_WARN_STRICT_PROTOTYPES = YES;
				CLANG_WARN_SUSPICIOUS_MOVE = YES;
				CLANG_WARN_UNGUARDED_AVAILABILITY = YES_AGGRESSIVE;
				CLANG_WARN_UNREACHABLE_CODE = YES;
				CLANG_WARN__DUPLICATE_METHOD_MATCH = YES;
				COPY_PHASE_STRIP = NO;
				DEBUG_INFORMATION_FORMAT = "dwarf-with-dsym";
				ENABLE_NS_ASSERTIONS = NO;
				ENABLE_STRICT_OBJC_MSGSEND = YES;
				GCC_C_LANGUAGE_STANDARD = gnu11;
				GCC_NO_COMMON_BLOCKS = YES;
				GCC_WARN_64_TO_32_BIT_CONVERSION = YES;
				GCC_WARN_ABOUT_RETURN_TYPE = YES_ERROR;
				GCC_WARN_UNDECLARED_SELECTOR = YES;
				GCC_WARN_UNINITIALIZED_AUTOS = YES_AGGRESSIVE;
				GCC_WARN_UNUSED_FUNCTION = YES;
				GCC_WARN_UNUSED_VARIABLE = YES;
				MTL_ENABLE_DEBUG_INFO = NO;
				MTL_FAST_MATH = YES;
				PRODUCT_NAME = "$(TARGET_NAME)";
				SDKROOT = iphoneos;
				SWIFT_COMPILATION_MODE = wholemodule;
				SWIFT_OPTIMIZATION_LEVEL = "-O";
				SWIFT_VERSION = 5.0;
			};
			name = Release;
		};
		A027A4E8D90E58E87505BFE4 /* Debug */ = {
			isa = XCBuildConfiguration;
			buildSettings = {
				ALWAYS_SEARCH_USER_PATHS = NO;
				CLANG_ANALYZER_NONNULL = YES;
				CLANG_ANALYZER_NUMBER_OBJECT_CONVERSION = YES_AGGRESSIVE;
				CLANG_CXX_LANGUAGE_STANDARD = "gnu++14";
				CLANG_CXX_LIBRARY = "libc++";
				CLANG_ENABLE_MODULES = YES;
				CLANG_ENABLE_OBJC_ARC = YES;
				CLANG_ENABLE_OBJC_WEAK = YES;
				CLANG_WARN_BLOCK_CAPTURE_AUTORELEASING = YES;
				CLANG_WARN_BOOL_CONVERSION = YES;
				CLANG_WARN_COMMA = YES;
				CLANG_WARN_CONSTANT_CONVERSION = YES;
				CLANG_WARN_DEPRECATED_OBJC_IMPLEMENTATIONS = YES;
				CLANG_WARN_DIRECT_OBJC_ISA_USAGE = YES_ERROR;
				CLANG_WARN_DOCUMENTATION_COMMENTS = YES;
				CLANG_WARN_EMPTY_BODY = YES;
				CLANG_WARN_ENUM_CONVERSION = YES;
				CLANG_WARN_INFINITE_RECURSION = YES;
				CLANG_WARN_INT_CONVERSION = YES;
				CLANG_WARN_NON_LITERAL_NULL_CONVERSION = YES;
				CLANG_WARN_OBJC_IMPLICIT_RETAIN_SELF = YES;
				CLANG_WARN_OBJC_LITERAL_CONVERSION = YES;
				CLANG_WARN_OBJC_ROOT_CLASS = YES_ERROR;
				CLANG_WARN_QUOTED_INCLUDE_IN_FRAMEWORK_HEADER = YES;
				CLANG_WARN_RANGE_LOOP_ANALYSIS = YES;
				CLANG_WARN_STRICT_PROTOTYPES = YES;
				CLANG_WARN_SUSPICIOUS_MOVE = YES;
				CLANG_WARN_UNGUARDED_AVAILABILITY = YES_AGGRESSIVE;
				CLANG_WARN_UNREACHABLE_CODE = YES;
				CLANG_WARN__DUPLICATE_METHOD_MATCH = YES;
				COPY_PHASE_STRIP = NO;
				DEBUG_INFORMATION_FORMAT = dwarf;
				ENABLE_STRICT_OBJC_MSGSEND = YES;
				ENABLE_TESTABILITY = YES;
				GCC_C_LANGUAGE_STANDARD = gnu11;
				GCC_DYNAMIC_NO_PIC = NO;
				GCC_NO_COMMON_BLOCKS = YES;
				GCC_OPTIMIZATION_LEVEL = 0;
				GCC_PREPROCESSOR_DEFINITIONS = (
					"$(inherited)",
					"DEBUG=1",
				);
				GCC_WARN_64_TO_32_BIT_CONVERSION = YES;
				GCC_WARN_ABOUT_RETURN_TYPE = YES_ERROR;
				GCC_WARN_UNDECLARED_SELECTOR = YES;
				GCC_WARN_UNINITIALIZED_AUTOS = YES_AGGRESSIVE;
				GCC_WARN_UNUSED_FUNCTION = YES;
				GCC_WARN_UNUSED_VARIABLE = YES;
				MTL_ENABLE_DEBUG_INFO = INCLUDE_SOURCE;
				MTL_FAST_MATH = YES;
				ONLY_ACTIVE_ARCH = YES;
				PRODUCT_NAME = "$(TARGET_NAME)";
				SDKROOT = iphoneos;
				SWIFT_ACTIVE_COMPILATION_CONDITIONS = DEBUG;
				SWIFT_OPTIMIZATION_LEVEL = "-Onone";
				SWIFT_VERSION = 5.0;
			};
			name = Debug;
		};
		E7D52CF6330868539947F49E /* Release */ = {
			isa = XCBuildConfiguration;
			baseConfigurationReference = 741DE11E283E4BF7501C1A70 /* Pods-JGE-Beer.release.xcconfig */;
			buildSettings = {
				ASSETCATALOG_COMPILER_APPICON_NAME = AppIcon;
				CODE_SIGN_IDENTITY = "iPhone Developer";
				DEVELOPMENT_TEAM = C2JSJLJ4FN;
				INFOPLIST_FILE = "JGE-Beer/Info.plist";
				IPHONEOS_DEPLOYMENT_TARGET = 11.0;
				LD_RUNPATH_SEARCH_PATHS = (
					"$(inherited)",
					"@executable_path/Frameworks",
				);
				PRODUCT_BUNDLE_IDENTIFIER = "com.jeonggo.JGE-Beer";
				SDKROOT = iphoneos;
				TARGETED_DEVICE_FAMILY = "1,2";
			};
			name = Release;
		};
/* End XCBuildConfiguration section */

/* Begin XCConfigurationList section */
		57F2E710A865713A86F81722 /* Build configuration list for PBXProject "JGE-Beer" */ = {
			isa = XCConfigurationList;
			buildConfigurations = (
				A027A4E8D90E58E87505BFE4 /* Debug */,
				744FCABCAEE8EFEC9445EFC4 /* Release */,
			);
			defaultConfigurationIsVisible = 0;
			defaultConfigurationName = Debug;
		};
		91B14C19C84444E33A09150C /* Build configuration list for PBXNativeTarget "JGE-Beer" */ = {
			isa = XCConfigurationList;
			buildConfigurations = (
				6CBD4818BC8550BA1C463D08 /* Debug */,
				E7D52CF6330868539947F49E /* Release */,
			);
			defaultConfigurationIsVisible = 0;
			defaultConfigurationName = Debug;
		};
/* End XCConfigurationList section */
	};
	rootObject = C8762E29F7FA62F40B941B57 /* Project object */;
}
